
Microsoft Visual Studio Solution File, Format Version 12.00
# Visual Studio Version 17
VisualStudioVersion = 17.9.34701.34
MinimumVisualStudioVersion = 10.0.40219.1
Project("{2150E333-8FDC-42A3-9474-1A3956D46DE8}") = "BackEnd", "BackEnd", "{8CBFF0E6-A8BD-47EF-A78A-743BD3D2697B}"
EndProject
Project("{2150E333-8FDC-42A3-9474-1A3956D46DE8}") = "FrontEnd", "FrontEnd", "{AC7F557B-A583-40F9-BED5-67169D9ACBB6}"
EndProject
Project("{9A19103F-16F7-4668-BE54-9A1E7A4F7556}") = "Data", "Data\Data.csproj", "{BD186B6A-31A4-4457-B99A-EECEA30D6277}"
EndProject
Project("{9A19103F-16F7-4668-BE54-9A1E7A4F7556}") = "BLL", "BLL\BLL.csproj", "{C5EB7841-3B64-4D2F-B121-00040298983D}"
EndProject
Project("{9A19103F-16F7-4668-BE54-9A1E7A4F7556}") = "API", "API\API.csproj", "{86755A41-42E9-4B62-A2A8-DB9DBD0392A3}"
EndProject
Project("{FAE04EC0-301F-11D3-BF4B-00C04F79EFBC}") = "FE.ManagerPoint", "FE.ManagerPoint\FE.ManagerPoint.csproj", "{44DA03B2-B091-4380-B886-1EDB588C574C}"
EndProject
Global
	GlobalSection(SolutionConfigurationPlatforms) = preSolution
		Debug|Any CPU = Debug|Any CPU
		Release|Any CPU = Release|Any CPU
	EndGlobalSection
	GlobalSection(ProjectConfigurationPlatforms) = postSolution
		{BD186B6A-31A4-4457-B99A-EECEA30D6277}.Debug|Any CPU.ActiveCfg = Debug|Any CPU
		{BD186B6A-31A4-4457-B99A-EECEA30D6277}.Debug|Any CPU.Build.0 = Debug|Any CPU
		{BD186B6A-31A4-4457-B99A-EECEA30D6277}.Release|Any CPU.ActiveCfg = Release|Any CPU
		{BD186B6A-31A4-4457-B99A-EECEA30D6277}.Release|Any CPU.Build.0 = Release|Any CPU
		{C5EB7841-3B64-4D2F-B121-00040298983D}.Debug|Any CPU.ActiveCfg = Debug|Any CPU
		{C5EB7841-3B64-4D2F-B121-00040298983D}.Debug|Any CPU.Build.0 = Debug|Any CPU
		{C5EB7841-3B64-4D2F-B121-00040298983D}.Release|Any CPU.ActiveCfg = Release|Any CPU
		{C5EB7841-3B64-4D2F-B121-00040298983D}.Release|Any CPU.Build.0 = Release|Any CPU
		{86755A41-42E9-4B62-A2A8-DB9DBD0392A3}.Debug|Any CPU.ActiveCfg = Debug|Any CPU
		{86755A41-42E9-4B62-A2A8-DB9DBD0392A3}.Debug|Any CPU.Build.0 = Debug|Any CPU
		{86755A41-42E9-4B62-A2A8-DB9DBD0392A3}.Release|Any CPU.ActiveCfg = Release|Any CPU
		{86755A41-42E9-4B62-A2A8-DB9DBD0392A3}.Release|Any CPU.Build.0 = Release|Any CPU
		{44DA03B2-B091-4380-B886-1EDB588C574C}.Debug|Any CPU.ActiveCfg = Debug|Any CPU
		{44DA03B2-B091-4380-B886-1EDB588C574C}.Debug|Any CPU.Build.0 = Debug|Any CPU
		{44DA03B2-B091-4380-B886-1EDB588C574C}.Release|Any CPU.ActiveCfg = Release|Any CPU
		{44DA03B2-B091-4380-B886-1EDB588C574C}.Release|Any CPU.Build.0 = Release|Any CPU
	EndGlobalSection
	GlobalSection(SolutionProperties) = preSolution
		HideSolutionNode = FALSE
	EndGlobalSection
	GlobalSection(NestedProjects) = preSolution
		{BD186B6A-31A4-4457-B99A-EECEA30D6277} = {8CBFF0E6-A8BD-47EF-A78A-743BD3D2697B}
		{C5EB7841-3B64-4D2F-B121-00040298983D} = {8CBFF0E6-A8BD-47EF-A78A-743BD3D2697B}
		{86755A41-42E9-4B62-A2A8-DB9DBD0392A3} = {8CBFF0E6-A8BD-47EF-A78A-743BD3D2697B}
		{44DA03B2-B091-4380-B886-1EDB588C574C} = {AC7F557B-A583-40F9-BED5-67169D9ACBB6}
	EndGlobalSection
	GlobalSection(ExtensibilityGlobals) = postSolution
		SolutionGuid = {12D82A96-5443-4DF6-9507-C8F1039FD056}
	EndGlobalSection
EndGlobal
